
Microsoft Visual Studio Solution File, Format Version 12.00
# Visual Studio Version 17
VisualStudioVersion = 17.4.33122.133
MinimumVisualStudioVersion = 10.0.40219.1
Project("{FAE04EC0-301F-11D3-BF4B-00C04F79EFBC}") = "donateTimer", "donateTimer\donateTimer.csproj", "{22D897ED-F000-47C9-BA27-BCE1B37EEA10}"
EndProject
Global
	GlobalSection(SolutionConfigurationPlatforms) = preSolution
		Debug|Any CPU = Debug|Any CPU
		Release|Any CPU = Release|Any CPU
	EndGlobalSection
	GlobalSection(ProjectConfigurationPlatforms) = postSolution
		{22D897ED-F000-47C9-BA27-BCE1B37EEA10}.Debug|Any CPU.ActiveCfg = Debug|Any CPU
		{22D897ED-F000-47C9-BA27-BCE1B37EEA10}.Debug|Any CPU.Build.0 = Debug|Any CPU
		{22D897ED-F000-47C9-BA27-BCE1B37EEA10}.Release|Any CPU.ActiveCfg = Release|Any CPU
		{22D897ED-F000-47C9-BA27-BCE1B37EEA10}.Release|Any CPU.Build.0 = Release|Any CPU
	EndGlobalSection
	GlobalSection(SolutionProperties) = preSolution
		HideSolutionNode = FALSE
	EndGlobalSection
	GlobalSection(ExtensibilityGlobals) = postSolution
		SolutionGuid = {26A6E3EC-5207-4814-8B6E-BCABAF5F7711}
	EndGlobalSection
EndGlobal
